// !$*UTF8*$!
{
	archiveVersion = 1;
	classes = {
	};
	objectVersion = 46;
	objects = {

/* Begin PBXBuildFile section */
		637642971F0390280025DA03 /* AppDelegate.swift in Sources */ = {isa = PBXBuildFile; fileRef = 637642961F0390280025DA03 /* AppDelegate.swift */; };
		637642991F0390280025DA03 /* ViewController.swift in Sources */ = {isa = PBXBuildFile; fileRef = 637642981F0390280025DA03 /* ViewController.swift */; };
		6376429C1F0390280025DA03 /* Main.storyboard in Resources */ = {isa = PBXBuildFile; fileRef = 6376429A1F0390280025DA03 /* Main.storyboard */; };
		6376429E1F0390280025DA03 /* Assets.xcassets in Resources */ = {isa = PBXBuildFile; fileRef = 6376429D1F0390280025DA03 /* Assets.xcassets */; };
		637642A11F0390280025DA03 /* LaunchScreen.storyboard in Resources */ = {isa = PBXBuildFile; fileRef = 6376429F1F0390280025DA03 /* LaunchScreen.storyboard */; };
		637642A91F03C2FF0025DA03 /* PlayBack Page.swift in Sources */ = {isa = PBXBuildFile; fileRef = 637642A81F03C2FF0025DA03 /* PlayBack Page.swift */; };
/* End PBXBuildFile section */

/* Begin PBXFileReference section */
		637642931F0390280025DA03 /* ixRecorder.app */ = {isa = PBXFileReference; explicitFileType = wrapper.application; includeInIndex = 0; path = ixRecorder.app; sourceTree = BUILT_PRODUCTS_DIR; };
		637642961F0390280025DA03 /* AppDelegate.swift */ = {isa = PBXFileReference; lastKnownFileType = sourcecode.swift; path = AppDelegate.swift; sourceTree = "<group>"; };
		637642981F0390280025DA03 /* ViewController.swift */ = {isa = PBXFileReference; lastKnownFileType = sourcecode.swift; path = ViewController.swift; sourceTree = "<group>"; };
		6376429B1F0390280025DA03 /* Base */ = {isa = PBXFileReference; lastKnownFileType = file.storyboard; name = Base; path = Base.lproj/Main.storyboard; sourceTree = "<group>"; };
		6376429D1F0390280025DA03 /* Assets.xcassets */ = {isa = PBXFileReference; lastKnownFileType = folder.assetcatalog; path = Assets.xcassets; sourceTree = "<group>"; };
		637642A01F0390280025DA03 /* Base */ = {isa = PBXFileReference; lastKnownFileType = file.storyboard; name = Base; path = Base.lproj/LaunchScreen.storyboard; sourceTree = "<group>"; };
		637642A21F0390280025DA03 /* Info.plist */ = {isa = PBXFileReference; lastKnownFileType = text.plist.xml; path = Info.plist; sourceTree = "<group>"; };
		637642A81F03C2FF0025DA03 /* PlayBack Page.swift */ = {isa = PBXFileReference; fileEncoding = 4; lastKnownFileType = sourcecode.swift; path = "PlayBack Page.swift"; sourceTree = "<group>"; };
/* End PBXFileReference section */

/* Begin PBXFrameworksBuildPhase section */
		637642901F0390280025DA03 /* Frameworks */ = {
			isa = PBXFrameworksBuildPhase;
			buildActionMask = 2147483647;
			files = (
			);
			runOnlyForDeploymentPostprocessing = 0;
		};
/* End PBXFrameworksBuildPhase section */

/* Begin PBXGroup section */
		6376428A1F0390280025DA03 = {
			isa = PBXGroup;
			children = (
				637642951F0390280025DA03 /* ixRecorder */,
				637642941F0390280025DA03 /* Products */,
			);
			sourceTree = "<group>";
		};
		637642941F0390280025DA03 /* Products */ = {
			isa = PBXGroup;
			children = (
				637642931F0390280025DA03 /* ixRecorder.app */,
			);
			name = Products;
			sourceTree = "<group>";
		};
		637642951F0390280025DA03 /* ixRecorder */ = {
			isa = PBXGroup;
			children = (
				637642961F0390280025DA03 /* AppDelegate.swift */,
				637642981F0390280025DA03 /* ViewController.swift */,
				637642A81F03C2FF0025DA03 /* PlayBack Page.swift */,
				6376429A1F0390280025DA03 /* Main.storyboard */,
				6376429D1F0390280025DA03 /* Assets.xcassets */,
				6376429F1F0390280025DA03 /* LaunchScreen.storyboard */,
				637642A21F0390280025DA03 /* Info.plist */,
			);
			path = ixRecorder;
			sourceTree = "<group>";
		};
/* End PBXGroup section */

/* Begin PBXNativeTarget section */
		637642921F0390280025DA03 /* ixRecorder */ = {
			isa = PBXNativeTarget;
			buildConfigurationList = 637642A51F0390280025DA03 /* Build configuration list for PBXNativeTarget "ixRecorder" */;
			buildPhases = (
				6376428F1F0390280025DA03 /* Sources */,
				637642901F0390280025DA03 /* Frameworks */,
				637642911F0390280025DA03 /* Resources */,
			);
			buildRules = (
			);
			dependencies = (
			);
			name = ixRecorder;
			productName = ixRecorder;
			productReference = 637642931F0390280025DA03 /* ixRecorder.app */;
			productType = "com.apple.product-type.application";
		};
/* End PBXNativeTarget section */

/* Begin PBXProject section */
		6376428B1F0390280025DA03 /* Project object */ = {
			isa = PBXProject;
			attributes = {
				LastSwiftUpdateCheck = 0830;
				LastUpgradeCheck = 0830;
				ORGANIZATIONNAME = "David Brown";
				TargetAttributes = {
					637642921F0390280025DA03 = {
						CreatedOnToolsVersion = 8.3.3;
						ProvisioningStyle = Automatic;
					};
				};
			};
			buildConfigurationList = 6376428E1F0390280025DA03 /* Build configuration list for PBXProject "ixRecorder" */;
			compatibilityVersion = "Xcode 3.2";
			developmentRegion = English;
			hasScannedForEncodings = 0;
			knownRegions = (
				en,
				Base,
			);
			mainGroup = 6376428A1F0390280025DA03;
			productRefGroup = 637642941F0390280025DA03 /* Products */;
			projectDirPath = "";
			projectRoot = "";
			targets = (
				637642921F0390280025DA03 /* ixRecorder */,
			);
		};
/* End PBXProject section */

/* Begin PBXResourcesBuildPhase section */
		637642911F0390280025DA03 /* Resources */ = {
			isa = PBXResourcesBuildPhase;
			buildActionMask = 2147483647;
			files = (
				637642A11F0390280025DA03 /* LaunchScreen.storyboard in Resources */,
				6376429E1F0390280025DA03 /* Assets.xcassets in Resources */,
				6376429C1F0390280025DA03 /* Main.storyboard in Resources */,
			);
			runOnlyForDeploymentPostprocessing = 0;
		};
/* End PBXResourcesBuildPhase section */

/* Begin PBXSourcesBuildPhase section */
		6376428F1F0390280025DA03 /* Sources */ = {
			isa = PBXSourcesBuildPhase;
			buildActionMask = 2147483647;
			files = (
				637642991F0390280025DA03 /* ViewController.swift in Sources */,
				637642A91F03C2FF0025DA03 /* PlayBack Page.swift in Sources */,
				637642971F0390280025DA03 /* AppDelegate.swift in Sources */,
			);
			runOnlyForDeploymentPostprocessing = 0;
		};
/* End PBXSourcesBuildPhase section */

/* Begin PBXVariantGroup section */
		6376429A1F0390280025DA03 /* Main.storyboard */ = {
			isa = PBXVariantGroup;
			children = (
				6376429B1F0390280025DA03 /* Base */,
			);
			name = Main.storyboard;
			sourceTree = "<group>";
		};
		6376429F1F0390280025DA03 /* LaunchScreen.storyboard */ = {
			isa = PBXVariantGroup;
			children = (
				637642A01F0390280025DA03 /* Base */,
			);
			name = LaunchScreen.storyboard;
			sourceTree = "<group>";
		};
/* End PBXVariantGroup section */

/* Begin XCBuildConfiguration section */
		637642A31F0390280025DA03 /* Debug */ = {
			isa = XCBuildConfiguration;
			buildSettings = {
				ALWAYS_SEARCH_USER_PATHS = NO;
				CLANG_ANALYZER_NONNULL = YES;
				CLANG_ANALYZER_NUMBER_OBJECT_CONVERSION = YES_AGGRESSIVE;
				CLANG_CXX_LANGUAGE_STANDARD = "gnu++0x";
				CLANG_CXX_LIBRARY = "libc++";
				CLANG_ENABLE_MODULES = YES;
				CLANG_ENABLE_OBJC_ARC = YES;
				CLANG_WARN_BOOL_CONVERSION = YES;
				CLANG_WARN_CONSTANT_CONVERSION = YES;
				CLANG_WARN_DIRECT_OBJC_ISA_USAGE = YES_ERROR;
				CLANG_WARN_DOCUMENTATION_COMMENTS = YES;
				CLANG_WARN_EMPTY_BODY = YES;
				CLANG_WARN_ENUM_CONVERSION = YES;
				CLANG_WARN_INFINITE_RECURSION = YES;
				CLANG_WARN_INT_CONVERSION = YES;
				CLANG_WARN_OBJC_ROOT_CLASS = YES_ERROR;
				CLANG_WARN_SUSPICIOUS_MOVE = YES;
				CLANG_WARN_UNREACHABLE_CODE = YES;
				CLANG_WARN__DUPLICATE_METHOD_MATCH = YES;
				"CODE_SIGN_IDENTITY[sdk=iphoneos*]" = "iPhone Developer";
				COPY_PHASE_STRIP = NO;
				DEBUG_INFORMATION_FORMAT = dwarf;
				ENABLE_STRICT_OBJC_MSGSEND = YES;
				ENABLE_TESTABILITY = YES;
				GCC_C_LANGUAGE_STANDARD = gnu99;
				GCC_DYNAMIC_NO_PIC = NO;
				GCC_NO_COMMON_BLOCKS = YES;
				GCC_OPTIMIZATION_LEVEL = 0;
				GCC_PREPROCESSOR_DEFINITIONS = (
					"DEBUG=1",
					"$(inherited)",
				);
				GCC_WARN_64_TO_32_BIT_CONVERSION = YES;
				GCC_WARN_ABOUT_RETURN_TYPE = YES_ERROR;
				GCC_WARN_UNDECLARED_SELECTOR = YES;
				GCC_WARN_UNINITIALIZED_AUTOS = YES_AGGRESSIVE;
				GCC_WARN_UNUSED_FUNCTION = YES;
				GCC_WARN_UNUSED_VARIABLE = YES;
				IPHONEOS_DEPLOYMENT_TARGET = 10.3;
				MTL_ENABLE_DEBUG_INFO = YES;
				ONLY_ACTIVE_ARCH = YES;
				SDKROOT = iphoneos;
				SWIFT_ACTIVE_COMPILATION_CONDITIONS = DEBUG;
				SWIFT_OPTIMIZATION_LEVEL = "-Onone";
				TARGETED_DEVICE_FAMILY = "1,2";
			};
			name = Debug;
		};
		637642A41F0390280025DA03 /* Release */ = {
			isa = XCBuildConfiguration;
			buildSettings = {
				ALWAYS_SEARCH_USER_PATHS = NO;
				CLANG_ANALYZER_NONNULL = YES;
				CLANG_ANALYZER_NUMBER_OBJECT_CONVERSION = YES_AGGRESSIVE;
				CLANG_CXX_LANGUAGE_STANDARD = "gnu++0x";
				CLANG_CXX_LIBRARY = "libc++";
				CLANG_ENABLE_MODULES = YES;
				CLANG_ENABLE_OBJC_ARC = YES;
				CLANG_WARN_BOOL_CONVERSION = YES;
				CLANG_WARN_CONSTANT_CONVERSION = YES;
				CLANG_WARN_DIRECT_OBJC_ISA_USAGE = YES_ERROR;
				CLANG_WARN_DOCUMENTATION_COMMENTS = YES;
				CLANG_WARN_EMPTY_BODY = YES;
				CLANG_WARN_ENUM_CONVERSION = YES;
				CLANG_WARN_INFINITE_RECURSION = YES;
				CLANG_WARN_INT_CONVERSION = YES;
				CLANG_WARN_OBJC_ROOT_CLASS = YES_ERROR;
				CLANG_WARN_SUSPICIOUS_MOVE = YES;
				CLANG_WARN_UNREACHABLE_CODE = YES;
				CLANG_WARN__DUPLICATE_METHOD_MATCH = YES;
				"CODE_SIGN_IDENTITY[sdk=iphoneos*]" = "iPhone Developer";
				COPY_PHASE_STRIP = NO;
				DEBUG_INFORMATION_FORMAT = "dwarf-with-dsym";
				ENABLE_NS_ASSERTIONS = NO;
				ENABLE_STRICT_OBJC_MSGSEND = YES;
				GCC_C_LANGUAGE_STANDARD = gnu99;
				GCC_NO_COMMON_BLOCKS = YES;
				GCC_WARN_64_TO_32_BIT_CONVERSION = YES;
				GCC_WARN_ABOUT_RETURN_TYPE = YES_ERROR;
				GCC_WARN_UNDECLARED_SELECTOR = YES;
				GCC_WARN_UNINITIALIZED_AUTOS = YES_AGGRESSIVE;
				GCC_WARN_UNUSED_FUNCTION = YES;
				GCC_WARN_UNUSED_VARIABLE = YES;
				IPHONEOS_DEPLOYMENT_TARGET = 10.3;
				MTL_ENABLE_DEBUG_INFO = NO;
				SDKROOT = iphoneos;
				SWIFT_OPTIMIZATION_LEVEL = "-Owholemodule";
				TARGETED_DEVICE_FAMILY = "1,2";
				VALIDATE_PRODUCT = YES;
			};
			name = Release;
		};
		637642A61F0390280025DA03 /* Debug */ = {
			isa = XCBuildConfiguration;
			buildSettings = {
				ASSETCATALOG_COMPILER_APPICON_NAME = AppIcon;
				INFOPLIST_FILE = ixRecorder/Info.plist;
				LD_RUNPATH_SEARCH_PATHS = "$(inherited) @executable_path/Frameworks";
				PRODUCT_BUNDLE_IDENTIFIER = "David-Brown.ixRecorder";
				PRODUCT_NAME = "$(TARGET_NAME)";
				SWIFT_VERSION = 3.0;
			};
			name = Debug;
		};
		637642A71F0390280025DA03 /* Release */ = {
			isa = XCBuildConfiguration;
			buildSettings = {
				ASSETCATALOG_COMPILER_APPICON_NAME = AppIcon;
				INFOPLIST_FILE = ixRecorder/Info.plist;
				LD_RUNPATH_SEARCH_PATHS = "$(inherited) @executable_path/Frameworks";
				PRODUCT_BUNDLE_IDENTIFIER = "David-Brown.ixRecorder";
				PRODUCT_NAME = "$(TARGET_NAME)";
				SWIFT_VERSION = 3.0;
			};
			name = Release;
		};
/* End XCBuildConfiguration section */

/* Begin XCConfigurationList section */
		6376428E1F0390280025DA03 /* Build configuration list for PBXProject "ixRecorder" */ = {
			isa = XCConfigurationList;
			buildConfigurations = (
				637642A31F0390280025DA03 /* Debug */,
				637642A41F0390280025DA03 /* Release */,
			);
			defaultConfigurationIsVisible = 0;
			defaultConfigurationName = Release;
		};
		637642A51F0390280025DA03 /* Build configuration list for PBXNativeTarget "ixRecorder" */ = {
			isa = XCConfigurationList;
			buildConfigurations = (
				637642A61F0390280025DA03 /* Debug */,
				637642A71F0390280025DA03 /* Release */,
			);
			defaultConfigurationIsVisible = 0;
		};
/* End XCConfigurationList section */
	};
	rootObject = 6376428B1F0390280025DA03 /* Project object */;
}
